
Microsoft Visual Studio Solution File, Format Version 12.00
# Visual Studio Version 17
VisualStudioVersion = 17.13.35818.85 d17.13
MinimumVisualStudioVersion = 10.0.40219.1
Project("{FAE04EC0-301F-11D3-BF4B-00C04F79EFBC}") = "Task5", "Task5\Task5.csproj", "{8DBF3112-A380-46CF-87DE-CCAF900EAF4C}"
EndProject
Global
	GlobalSection(SolutionConfigurationPlatforms) = preSolution
		Debug|Any CPU = Debug|Any CPU
		Release|Any CPU = Release|Any CPU
	EndGlobalSection
	GlobalSection(ProjectConfigurationPlatforms) = postSolution
		{8DBF3112-A380-46CF-87DE-CCAF900EAF4C}.Debug|Any CPU.ActiveCfg = Debug|Any CPU
		{8DBF3112-A380-46CF-87DE-CCAF900EAF4C}.Debug|Any CPU.Build.0 = Debug|Any CPU
		{8DBF3112-A380-46CF-87DE-CCAF900EAF4C}.Release|Any CPU.ActiveCfg = Release|Any CPU
		{8DBF3112-A380-46CF-87DE-CCAF900EAF4C}.Release|Any CPU.Build.0 = Release|Any CPU
	EndGlobalSection
	GlobalSection(SolutionProperties) = preSolution
		HideSolutionNode = FALSE
	EndGlobalSection
	GlobalSection(ExtensibilityGlobals) = postSolution
		SolutionGuid = {386864F8-9904-4F0F-948F-2914A1E6131B}
	EndGlobalSection
EndGlobal
